[
    {
        "author": "Janiczek",
        "package": "cmd-extra",
        "version": "1.1.0",
        "sha256": "1wcgdbl1s2z5wpc8rkk8n0qg0db5vkcrnv0wxwg8ncdrw7f2pnfj"
    },
    {
        "author": "Punie",
        "package": "elm-parser-extras",
        "version": "1.0.0",
        "sha256": "0slpw7gdb5sdczqmnmg5c1fk41230vpvchfs0xy4ar529i4v8183"
    },
    {
        "author": "elm",
        "package": "browser",
        "version": "1.0.1",
        "sha256": "15gk2yd8p1f3f6wdzx1ywxhs4wzqz27xb7cvr36ja15qds4rgvjq"
    },
    {
        "author": "elm",
        "package": "core",
        "version": "1.0.2",
        "sha256": "1id2srkfpmlpi23qqn7fwwkycrzm92yk2ah5593b52g8vhj1h2xa"
    },
    {
        "author": "elm",
        "package": "html",
        "version": "1.0.0",
        "sha256": "15k1679ja57vvlpinpv06znmrxy09lbhzfkzdc89i01qa8c4gb4a"
    },
    {
        "author": "elm",
        "package": "json",
        "version": "1.1.2",
        "sha256": "1nc8k1648fy8fllqz9any52s6ks5xz3hyg71s7i7nrca6arbsvk2"
    },
    {
        "author": "elm",
        "package": "parser",
        "version": "1.1.0",
        "sha256": "06xx29rmagc5r45qfpvrd393lz83ylngidfp08432f1qc8y6r3lh"
    },
    {
        "author": "elm",
        "package": "random",
        "version": "1.0.0",
        "sha256": "0z0znkwfs35xiabk6pa9yqwsq03jssgd7jmsj1kk000mikfm7f39"
    },
    {
        "author": "elm",
        "package": "regex",
        "version": "1.0.0",
        "sha256": "1hghzjbf479qn5aynyaqr0966sy5x2dz4zb9sw31hf6m9f8x4gb7"
    },
    {
        "author": "elm",
        "package": "time",
        "version": "1.0.0",
        "sha256": "0wqa2vhl1zf8z0j2yd3yjwfhr0dydfns43bbzll3k4rhnjadxr1l"
    },
    {
        "author": "elm",
        "package": "url",
        "version": "1.0.0",
        "sha256": "1f2ij4i7zmijnj2i50qf19lpkr14bhms8dkq029inb5mydi9f8gs"
    },
    {
        "author": "elm",
        "package": "virtual-dom",
        "version": "1.0.2",
        "sha256": "1d6pqv6cvrsk2cp3dxxrq82vwrij4hrgjazg3lh93z75jkpvywhl"
    },
    {
        "author": "elm-community",
        "package": "maybe-extra",
        "version": "5.0.0",
        "sha256": "13imj1a04j7kg5am2d0dvza5wz4a212f28vyjcm736jdk06l34ff"
    },
    {
        "author": "elm-explorations",
        "package": "test",
        "version": "1.0.0",
        "sha256": "1xmwkv01yj64aan1ayawb2980n9mgj3lyb7b2ynqmvg5vnad1h9x"
    },
    {
        "author": "lukewestby",
        "package": "elm-string-interpolate",
        "version": "1.0.4",
        "sha256": "13klb5k8q30xr3inwx6651isfky99ibw8fhq18l7g53ajd95wzs1"
    }
]
